
Microsoft Visual Studio Solution File, Format Version 12.00
# Visual Studio Version 16
VisualStudioVersion = 16.0.31729.503
MinimumVisualStudioVersion = 10.0.40219.1
Project("{9A19103F-16F7-4668-BE54-9A1E7A4F7556}") = "Mobile_Redirection_Subfolder", "Mobile_Redirection_Subfolder\Mobile_Redirection_Subfolder.csproj", "{7BC529B0-5F1D-4DDC-86A6-C7222C0D0DE3}"
EndProject
Global
	GlobalSection(SolutionConfigurationPlatforms) = preSolution
		Debug|Any CPU = Debug|Any CPU
		Release|Any CPU = Release|Any CPU
	EndGlobalSection
	GlobalSection(ProjectConfigurationPlatforms) = postSolution
		{7BC529B0-5F1D-4DDC-86A6-C7222C0D0DE3}.Debug|Any CPU.ActiveCfg = Debug|Any CPU
		{7BC529B0-5F1D-4DDC-86A6-C7222C0D0DE3}.Debug|Any CPU.Build.0 = Debug|Any CPU
		{7BC529B0-5F1D-4DDC-86A6-C7222C0D0DE3}.Release|Any CPU.ActiveCfg = Release|Any CPU
		{7BC529B0-5F1D-4DDC-86A6-C7222C0D0DE3}.Release|Any CPU.Build.0 = Release|Any CPU
	EndGlobalSection
	GlobalSection(SolutionProperties) = preSolution
		HideSolutionNode = FALSE
	EndGlobalSection
	GlobalSection(ExtensibilityGlobals) = postSolution
		SolutionGuid = {20450A0E-28F8-4F67-B554-429FF3B7454E}
	EndGlobalSection
EndGlobal
